<?xml version="1.0" encoding="utf-8"?>
<Project ToolsVersion="4.0" xmlns="http://schemas.microsoft.com/developer/msbuild/2003">
  <ItemGroup>
    <Filter Include="Исходные файлы">
      <UniqueIdentifier>{4FC737F1-C7A5-4376-A066-2A32D752A2FF}</UniqueIdentifier>
      <Extensions>cpp;c;cc;cxx;c++;cppm;ixx;def;odl;idl;hpj;bat;asm;asmx</Extensions>
    </Filter>
    <Filter Include="Файлы заголовков">
      <UniqueIdentifier>{93995380-89BD-4b04-88EB-625FBE52EBFB}</UniqueIdentifier>
      <Extensions>h;hh;hpp;hxx;h++;hm;inl;inc;ipp;xsd</Extensions>
    </Filter>
    <Filter Include="Файлы ресурсов">
      <UniqueIdentifier>{67DA6AB6-F800-4c08-8B7A-83BB121AAD01}</UniqueIdentifier>
      <Extensions>rc;ico;cur;bmp;dlg;rc2;rct;bin;rgs;gif;jpg;jpeg;jpe;resx;tiff;tif;png;wav;mfcribbon-ms</Extensions>
    </Filter>
    <Filter Include="Исходные файлы\mexo">
      <UniqueIdentifier>{d6709c03-e61e-458d-9eb2-6a88f2a8240d}</UniqueIdentifier>
    </Filter>
  </ItemGroup>
  <ItemGroup>
    <ClCompile Include="..\..\..\reference\robosd-ref\core\robosd_log.cpp">
      <Filter>Исходные файлы</Filter>
    </ClCompile>
    <ClCompile Include="..\..\source\platform\win+vs19\libtest.cpp">
      <Filter>Исходные файлы</Filter>
    </ClCompile>
    <ClCompile Include="..\..\..\..\source\core\robosd_string.cpp">
      <Filter>Исходные файлы</Filter>
    </ClCompile>
    <ClCompile Include="..\..\..\..\source\core\robosd_ini.cpp">
      <Filter>Исходные файлы</Filter>
    </ClCompile>
    <ClCompile Include="..\..\..\reference\robosd-ref\core\robosd_system_native.cpp">
      <Filter>Исходные файлы</Filter>
    </ClCompile>
    <ClCompile Include="..\..\..\reference\robosd-ref\core\robosd_system.cpp">
      <Filter>Исходные файлы</Filter>
    </ClCompile>
    <ClCompile Include="..\..\..\reference\robosd-ref\core\robosd_app.cpp">
      <Filter>Исходные файлы</Filter>
    </ClCompile>
    <ClCompile Include="..\..\..\..\source\core\robosd_frontend.cpp">
      <Filter>Исходные файлы</Filter>
    </ClCompile>
    <ClCompile Include="..\..\..\..\source\core\robosd_backend.cpp">
      <Filter>Исходные файлы</Filter>
    </ClCompile>
    <ClCompile Include="..\..\..\..\source\net\robosd_net_trafic.cpp">
      <Filter>Исходные файлы</Filter>
    </ClCompile>
    <ClCompile Include="..\..\..\reference\json-ref\jsonsl.c">
      <Filter>Исходные файлы</Filter>
    </ClCompile>
    <ClCompile Include="..\..\..\reference\robosd-ref\core\robosd_convert.cpp">
      <Filter>Исходные файлы</Filter>
    </ClCompile>
    <ClCompile Include="..\..\..\reference\robosd-ref\mexo\math.cpp">
      <Filter>Исходные файлы\mexo</Filter>
    </ClCompile>
    <ClCompile Include="..\..\..\reference\robosd-ref\mexo\mexo.cpp">
      <Filter>Исходные файлы\mexo</Filter>
    </ClCompile>
    <ClCompile Include="..\..\..\reference\robosd-ref\mexo\ps.cpp">
      <Filter>Исходные файлы\mexo</Filter>
    </ClCompile>
    <ClCompile Include="..\..\..\reference\robosd-ref\core\robosd_system_dummy.cpp">
      <Filter>Исходные файлы</Filter>
    </ClCompile>
    <ClCompile Include="..\..\..\reference\robosd-ref\core\robosd_system_std.cpp">
      <Filter>Исходные файлы</Filter>
    </ClCompile>
    <ClCompile Include="..\..\..\..\source\core\platform\win+vs19\robosd-system-win.cpp">
      <Filter>Исходные файлы</Filter>
    </ClCompile>
    <ClCompile Include="..\..\..\..\source\net\robosd_serial.cpp">
      <Filter>Исходные файлы</Filter>
    </ClCompile>
    <ClCompile Include="..\..\..\..\source\net\robosd_flow.cpp">
      <Filter>Исходные файлы</Filter>
    </ClCompile>
  </ItemGroup>
  <ItemGroup>
    <ClInclude Include="..\..\..\..\source\core\robosd_string.hpp">
      <Filter>Исходные файлы</Filter>
    </ClInclude>
    <ClInclude Include="..\..\..\..\source\core\robosd_lambda.hpp">
      <Filter>Исходные файлы</Filter>
    </ClInclude>
    <ClInclude Include="..\..\..\..\source\core\robosd_ini.hpp">
      <Filter>Исходные файлы</Filter>
    </ClInclude>
    <ClInclude Include="..\..\..\..\source\core\robosd_delegat.hpp">
      <Filter>Исходные файлы</Filter>
    </ClInclude>
    <ClInclude Include="..\..\source\platform\win+vs19\robosd_app_tuning.hpp">
      <Filter>Исходные файлы</Filter>
    </ClInclude>
    <ClInclude Include="..\..\..\reference\robosd-ref\core\robosd_app.hpp">
      <Filter>Исходные файлы</Filter>
    </ClInclude>
    <ClInclude Include="..\..\..\reference\robosd-ref\core\robosd_system_native.hpp">
      <Filter>Исходные файлы</Filter>
    </ClInclude>
    <ClInclude Include="..\..\..\reference\robosd-ref\core\robosd_system.hpp">
      <Filter>Исходные файлы</Filter>
    </ClInclude>
    <ClInclude Include="..\..\..\reference\robosd-ref\core\robosd_system_module_reg.hpp">
      <Filter>Исходные файлы</Filter>
    </ClInclude>
    <ClInclude Include="..\..\..\..\source\core\robosd_frontend.hpp">
      <Filter>Файлы заголовков</Filter>
    </ClInclude>
    <ClInclude Include="..\..\..\..\source\core\robosd_backend.hpp">
      <Filter>Файлы заголовков</Filter>
    </ClInclude>
    <ClInclude Include="..\..\..\..\source\core\robosd_tran.h">
      <Filter>Исходные файлы</Filter>
    </ClInclude>
    <ClInclude Include="..\..\..\..\source\net\robosd_net_trafic.hpp">
      <Filter>Исходные файлы</Filter>
    </ClInclude>
    <ClInclude Include="..\..\..\reference\json-ref\jsonsl.h">
      <Filter>Исходные файлы</Filter>
    </ClInclude>
    <ClInclude Include="..\..\..\reference\robosd-ref\core\robosd_convert.hpp">
      <Filter>Исходные файлы</Filter>
    </ClInclude>
    <ClInclude Include="..\..\..\reference\robosd-ref\mexo\math.hpp">
      <Filter>Исходные файлы\mexo</Filter>
    </ClInclude>
    <ClInclude Include="..\..\..\reference\robosd-ref\mexo\mexo.hpp">
      <Filter>Исходные файлы\mexo</Filter>
    </ClInclude>
    <ClInclude Include="..\..\..\reference\robosd-ref\mexo\ps.hpp">
      <Filter>Исходные файлы\mexo</Filter>
    </ClInclude>
    <ClInclude Include="..\..\..\reference\robosd-ref\core\robosd_devagent_common.hpp">
      <Filter>Исходные файлы</Filter>
    </ClInclude>
    <ClInclude Include="..\..\..\..\source\net\robosd_serial.hpp">
      <Filter>Исходные файлы</Filter>
    </ClInclude>
    <ClInclude Include="..\..\..\..\source\net\robosd_ring_buf.hpp">
      <Filter>Исходные файлы</Filter>
    </ClInclude>
    <ClInclude Include="..\..\..\..\source\net\robosd_flow.hpp">
      <Filter>Исходные файлы</Filter>
    </ClInclude>
  </ItemGroup>
</Project>